{
  "name": "courier-samples-node",
  "version": "1.0.0",
  "lockfileVersion": 3,
  "requires": true,
  "packages": {
    "": {
      "name": "courier-samples-node",
      "version": "1.0.0",
      "dependencies": {
        "@trycourier/courier": "^7.0.0",
        "dotenv": "^16.0.0"
      }
    },
    "node_modules/@trycourier/courier": {
      "version": "7.0.0",
      "resolved": "https://registry.npmjs.org/@trycourier/courier/-/courier-7.0.0.tgz",
      "integrity": "sha512-kSp5DDpSK/YK3wK4t6bvT2fXlPOwOzfm3oDV2OP1ThwL+HXOrEJHBUVm5+b/O+AePm8N6c+hlqSHFGSw2K8p4Q==",
      "license": "Apache-2.0"
    },
    "node_modules/dotenv": {
      "version": "16.6.1",
      "resolved": "https://registry.npmjs.org/dotenv/-/dotenv-16.6.1.tgz",
      "integrity": "sha512-uBq4egWHTcTt33a72vpSG0z3HnPuIl6NqYcTrKEg2azoEyl2hpW0zqlxysq2pK9HlDIHyHyakeYaYnSAwd8bow==",
      "license": "BSD-2-Clause",
      "engines": {
        "node": ">=12"
      },
      "funding": {
        "url": "https://dotenvx.com"
      }
    }
  }
}
