{
  "name": "courier-samples-node",
  "version": "1.0.0",
  "lockfileVersion": 3,
  "requires": true,
  "packages": {
    "": {
      "name": "courier-samples-node",
      "version": "1.0.0",
      "dependencies": {
        "@trycourier/courier": "^7.19.2",
        "dotenv": "^16.0.0"
      }
    },
    "node_modules/@trycourier/courier": {
      "version": "7.19.2",
      "resolved": "https://registry.npmjs.org/@trycourier/courier/-/courier-7.19.2.tgz",
      "integrity": "sha512-LuFwpGhhraPNKxtqT1S0mQ/pdvsdp5de/05tNqo+kbL9lnL34zm0cKa4v1y2zx7rLAeB7eybq7lIlRN64hA+fw==",
      "license": "Apache-2.0"
    },
    "node_modules/dotenv": {
      "version": "16.6.1",
      "resolved": "https://registry.npmjs.org/dotenv/-/dotenv-16.6.1.tgz",
      "integrity": "sha512-uBq4egWHTcTt33a72vpSG0z3HnPuIl6NqYcTrKEg2azoEyl2hpW0zqlxysq2pK9HlDIHyHyakeYaYnSAwd8bow==",
      "license": "BSD-2-Clause",
      "engines": {
        "node": ">=12"
      },
      "funding": {
        "url": "https://dotenvx.com"
      }
    }
  }
}
